// !$*UTF8*$!
{
	archiveVersion = 1;
	classes = {
	};
	objectVersion = 77;
	objects = {

/* Begin PBXBuildFile section */
		018A9BFADEB4D922FD5D1BA1 /* WaveformView.swift in Sources */ = {isa = PBXBuildFile; fileRef = 4ECBEE61BD345623663AE9A8 /* WaveformView.swift */; };
		1B6919AC5FAB250F5BD0AE94 /* PermissionsView.swift in Sources */ = {isa = PBXBuildFile; fileRef = EBC4EC8A161F18359D2B035D /* PermissionsView.swift */; };
		1FD4D4747270CDFC5CF7021F /* UpdateService.swift in Sources */ = {isa = PBXBuildFile; fileRef = 8C7CAFC9B80F6B4FA0872C9E /* UpdateService.swift */; };
		321991D7EE5D89AB688245D8 /* ShortcutRecorderView.swift in Sources */ = {isa = PBXBuildFile; fileRef = DDF776E3F07E079D3037926D /* ShortcutRecorderView.swift */; };
		3545FA857029F4E519881F1D /* AppDelegate.swift in Sources */ = {isa = PBXBuildFile; fileRef = 3AA2074FA87F4AA86E6FBC26 /* AppDelegate.swift */; };
		37AA43C7A4ABBFD854E712A3 /* GlassCard.swift in Sources */ = {isa = PBXBuildFile; fileRef = 3E5CE84CBBF34309F3116CE1 /* GlassCard.swift */; };
		49C3D8AE98AC2B339F47A94F /* ToggleRow.swift in Sources */ = {isa = PBXBuildFile; fileRef = 5E5CB35FCB4EDA4C65ED60BD /* ToggleRow.swift */; };
		5EE936085B96BB83E42A2112 /* SettingsServiceTests.swift in Sources */ = {isa = PBXBuildFile; fileRef = E3C8D875BFBBF6DDF20C1628 /* SettingsServiceTests.swift */; };
		5F06955A8FEC7F02493439FB /* SettingsWindow.swift in Sources */ = {isa = PBXBuildFile; fileRef = ABF742A8E6C09689DC3612D0 /* SettingsWindow.swift */; };
		63E0C643ED5F3A4E223A7E1E /* AppStateTests.swift in Sources */ = {isa = PBXBuildFile; fileRef = 3124CAA89A5698EA0AF6F286 /* AppStateTests.swift */; };
		64E07F77145060632CE07FDD /* AppIcon.icns in Resources */ = {isa = PBXBuildFile; fileRef = CD84728FDDBB4745E5E3A3E9 /* AppIcon.icns */; };
		6C38213D25F5736B3A334D27 /* Assets.xcassets in Resources */ = {isa = PBXBuildFile; fileRef = 63BB580F9FB81FC123C8AB04 /* Assets.xcassets */; };
		6CA623A46D35D73DA88F7CB3 /* SettingsService.swift in Sources */ = {isa = PBXBuildFile; fileRef = 54EF798381983CC437AAAB7D /* SettingsService.swift */; };
		6CB559C170F9134CCE900F44 /* SuperWhisperApp.swift in Sources */ = {isa = PBXBuildFile; fileRef = 0F99DBB022F9949C21606F26 /* SuperWhisperApp.swift */; };
		6FDFC8F8FCFB2064AA388F57 /* AppState.swift in Sources */ = {isa = PBXBuildFile; fileRef = 943986652D75378B798102CE /* AppState.swift */; };
		742838E55D009DBDAC7A4178 /* PermissionsService.swift in Sources */ = {isa = PBXBuildFile; fileRef = EE67F2CD95347CD87BF75D11 /* PermissionsService.swift */; };
		7E5CB38DEE6B215DE4FD81FA /* TranscriptionHistoryService.swift in Sources */ = {isa = PBXBuildFile; fileRef = B4A32862973C34D393CE099E /* TranscriptionHistoryService.swift */; };
		867FC064C418229E7B399011 /* Sparkle in Frameworks */ = {isa = PBXBuildFile; productRef = 209251462EDF476EFA1E8A6D /* Sparkle */; };
		8A4B03C19C1DD8EBEF5F73BC /* PasteService.swift in Sources */ = {isa = PBXBuildFile; fileRef = FBDDE3F8122451F181DFDAB7 /* PasteService.swift */; };
		8AA1ED3B135A2798FD81ED7B /* AudioCaptureService.swift in Sources */ = {isa = PBXBuildFile; fileRef = FB105C042963B038E50C9A4E /* AudioCaptureService.swift */; };
		8C30495E7DF8151F397C8602 /* TranscriptionServiceTests.swift in Sources */ = {isa = PBXBuildFile; fileRef = F90713365ACB9D92B925BF52 /* TranscriptionServiceTests.swift */; };
		99FAECB49F56178B2CAA6A8C /* HotkeyService.swift in Sources */ = {isa = PBXBuildFile; fileRef = B7AB2B73034041AE6E0985B5 /* HotkeyService.swift */; };
		9A68C3C28AFFA4BC9E9810A1 /* DropdownField.swift in Sources */ = {isa = PBXBuildFile; fileRef = 76F662B9DDE22AA233689682 /* DropdownField.swift */; };
		9E885A2AA3573384659F6B2E /* MainWindowView.swift in Sources */ = {isa = PBXBuildFile; fileRef = 047DA9E2B598E31ADEC6EC58 /* MainWindowView.swift */; };
		A9C654B7ED2182AEE49B0FF7 /* OverlayContentView.swift in Sources */ = {isa = PBXBuildFile; fileRef = 0767268471B082F4AD17E85E /* OverlayContentView.swift */; };
		BC4004D661153206F88359C3 /* AboutView.swift in Sources */ = {isa = PBXBuildFile; fileRef = 6B3EAB34F072CF64DAE8938F /* AboutView.swift */; };
		C168F905481E347AC3DE6CD8 /* OverlayPanel.swift in Sources */ = {isa = PBXBuildFile; fileRef = 572D1527E54BD5DB524826AD /* OverlayPanel.swift */; };
		C8C5C89A93A6DC85F568DB25 /* PrimaryButton.swift in Sources */ = {isa = PBXBuildFile; fileRef = A2DEB7AB12FDE09C8C29A6D0 /* PrimaryButton.swift */; };
		CA7F9BF141CC39B81AE661EC /* TranscriptionService.swift in Sources */ = {isa = PBXBuildFile; fileRef = 0A64F1C3D27D74911663C9D3 /* TranscriptionService.swift */; };
		CC18ADC07C0642E40E83E632 /* Models.swift in Sources */ = {isa = PBXBuildFile; fileRef = 42E6A057A08080E2ACE3FE79 /* Models.swift */; };
		D8F5767D0C2E8AF66FD6E6D4 /* HistoryView.swift in Sources */ = {isa = PBXBuildFile; fileRef = A25E4B5FC6272328F8090876 /* HistoryView.swift */; };
		DBA1917AD102F5112B45AB4A /* DesignTokens.swift in Sources */ = {isa = PBXBuildFile; fileRef = CAC15817F02CEFD26123BA02 /* DesignTokens.swift */; };
		DC389E7CB48231CB6AA4B156 /* ShortcutSettingsView.swift in Sources */ = {isa = PBXBuildFile; fileRef = 6A4035DFF59C935B6E11CE07 /* ShortcutSettingsView.swift */; };
		DEEAA58C944D936EF6CB63ED /* GeneralSettingsView.swift in Sources */ = {isa = PBXBuildFile; fileRef = AD929264D6FE66B737ED4328 /* GeneralSettingsView.swift */; };
		F5BC0717C0BF2E3529CFF65D /* SecureInputField.swift in Sources */ = {isa = PBXBuildFile; fileRef = 34233DDCBA840CD385464BE6 /* SecureInputField.swift */; };
/* End PBXBuildFile section */

/* Begin PBXContainerItemProxy section */
		72E15C20B3D9366615A2732C /* PBXContainerItemProxy */ = {
			isa = PBXContainerItemProxy;
			containerPortal = 16AD093E33B12541EBDA1A8A /* Project object */;
			proxyType = 1;
			remoteGlobalIDString = 08A9D519659FCA535671C8B3;
			remoteInfo = SuperWhisper;
		};
/* End PBXContainerItemProxy section */

/* Begin PBXFileReference section */
		047DA9E2B598E31ADEC6EC58 /* MainWindowView.swift */ = {isa = PBXFileReference; lastKnownFileType = sourcecode.swift; path = MainWindowView.swift; sourceTree = "<group>"; };
		0767268471B082F4AD17E85E /* OverlayContentView.swift */ = {isa = PBXFileReference; lastKnownFileType = sourcecode.swift; path = OverlayContentView.swift; sourceTree = "<group>"; };
		0A64F1C3D27D74911663C9D3 /* TranscriptionService.swift */ = {isa = PBXFileReference; lastKnownFileType = sourcecode.swift; path = TranscriptionService.swift; sourceTree = "<group>"; };
		0F99DBB022F9949C21606F26 /* SuperWhisperApp.swift */ = {isa = PBXFileReference; lastKnownFileType = sourcecode.swift; path = SuperWhisperApp.swift; sourceTree = "<group>"; };
		3124CAA89A5698EA0AF6F286 /* AppStateTests.swift */ = {isa = PBXFileReference; lastKnownFileType = sourcecode.swift; path = AppStateTests.swift; sourceTree = "<group>"; };
		34233DDCBA840CD385464BE6 /* SecureInputField.swift */ = {isa = PBXFileReference; lastKnownFileType = sourcecode.swift; path = SecureInputField.swift; sourceTree = "<group>"; };
		3AA2074FA87F4AA86E6FBC26 /* AppDelegate.swift */ = {isa = PBXFileReference; lastKnownFileType = sourcecode.swift; path = AppDelegate.swift; sourceTree = "<group>"; };
		3E5CE84CBBF34309F3116CE1 /* GlassCard.swift */ = {isa = PBXFileReference; lastKnownFileType = sourcecode.swift; path = GlassCard.swift; sourceTree = "<group>"; };
		42E6A057A08080E2ACE3FE79 /* Models.swift */ = {isa = PBXFileReference; lastKnownFileType = sourcecode.swift; path = Models.swift; sourceTree = "<group>"; };
		4ECBEE61BD345623663AE9A8 /* WaveformView.swift */ = {isa = PBXFileReference; lastKnownFileType = sourcecode.swift; path = WaveformView.swift; sourceTree = "<group>"; };
		54EF798381983CC437AAAB7D /* SettingsService.swift */ = {isa = PBXFileReference; lastKnownFileType = sourcecode.swift; path = SettingsService.swift; sourceTree = "<group>"; };
		572D1527E54BD5DB524826AD /* OverlayPanel.swift */ = {isa = PBXFileReference; lastKnownFileType = sourcecode.swift; path = OverlayPanel.swift; sourceTree = "<group>"; };
		5E5CB35FCB4EDA4C65ED60BD /* ToggleRow.swift */ = {isa = PBXFileReference; lastKnownFileType = sourcecode.swift; path = ToggleRow.swift; sourceTree = "<group>"; };
		63BB580F9FB81FC123C8AB04 /* Assets.xcassets */ = {isa = PBXFileReference; lastKnownFileType = folder.assetcatalog; path = Assets.xcassets; sourceTree = "<group>"; };
		6A4035DFF59C935B6E11CE07 /* ShortcutSettingsView.swift */ = {isa = PBXFileReference; lastKnownFileType = sourcecode.swift; path = ShortcutSettingsView.swift; sourceTree = "<group>"; };
		6B3EAB34F072CF64DAE8938F /* AboutView.swift */ = {isa = PBXFileReference; lastKnownFileType = sourcecode.swift; path = AboutView.swift; sourceTree = "<group>"; };
		76F662B9DDE22AA233689682 /* DropdownField.swift */ = {isa = PBXFileReference; lastKnownFileType = sourcecode.swift; path = DropdownField.swift; sourceTree = "<group>"; };
		8C7CAFC9B80F6B4FA0872C9E /* UpdateService.swift */ = {isa = PBXFileReference; lastKnownFileType = sourcecode.swift; path = UpdateService.swift; sourceTree = "<group>"; };
		943986652D75378B798102CE /* AppState.swift */ = {isa = PBXFileReference; lastKnownFileType = sourcecode.swift; path = AppState.swift; sourceTree = "<group>"; };
		A25E4B5FC6272328F8090876 /* HistoryView.swift */ = {isa = PBXFileReference; lastKnownFileType = sourcecode.swift; path = HistoryView.swift; sourceTree = "<group>"; };
		A2DEB7AB12FDE09C8C29A6D0 /* PrimaryButton.swift */ = {isa = PBXFileReference; lastKnownFileType = sourcecode.swift; path = PrimaryButton.swift; sourceTree = "<group>"; };
		ABF742A8E6C09689DC3612D0 /* SettingsWindow.swift */ = {isa = PBXFileReference; lastKnownFileType = sourcecode.swift; path = SettingsWindow.swift; sourceTree = "<group>"; };
		AD929264D6FE66B737ED4328 /* GeneralSettingsView.swift */ = {isa = PBXFileReference; lastKnownFileType = sourcecode.swift; path = GeneralSettingsView.swift; sourceTree = "<group>"; };
		B443FFC400B0A02471DEDC1F /* SuperWhisperTests.xctest */ = {isa = PBXFileReference; explicitFileType = wrapper.cfbundle; includeInIndex = 0; path = SuperWhisperTests.xctest; sourceTree = BUILT_PRODUCTS_DIR; };
		B4A32862973C34D393CE099E /* TranscriptionHistoryService.swift */ = {isa = PBXFileReference; lastKnownFileType = sourcecode.swift; path = TranscriptionHistoryService.swift; sourceTree = "<group>"; };
		B7AB2B73034041AE6E0985B5 /* HotkeyService.swift */ = {isa = PBXFileReference; lastKnownFileType = sourcecode.swift; path = HotkeyService.swift; sourceTree = "<group>"; };
		CAC15817F02CEFD26123BA02 /* DesignTokens.swift */ = {isa = PBXFileReference; lastKnownFileType = sourcecode.swift; path = DesignTokens.swift; sourceTree = "<group>"; };
		CC39D54A34DED31FEBBEDE38 /* SuperWhisper.app */ = {isa = PBXFileReference; explicitFileType = wrapper.application; includeInIndex = 0; path = SuperWhisper.app; sourceTree = BUILT_PRODUCTS_DIR; };
		CD84728FDDBB4745E5E3A3E9 /* AppIcon.icns */ = {isa = PBXFileReference; lastKnownFileType = image.icns; path = AppIcon.icns; sourceTree = "<group>"; };
		DDF776E3F07E079D3037926D /* ShortcutRecorderView.swift */ = {isa = PBXFileReference; lastKnownFileType = sourcecode.swift; path = ShortcutRecorderView.swift; sourceTree = "<group>"; };
		E3C8D875BFBBF6DDF20C1628 /* SettingsServiceTests.swift */ = {isa = PBXFileReference; lastKnownFileType = sourcecode.swift; path = SettingsServiceTests.swift; sourceTree = "<group>"; };
		EBC4EC8A161F18359D2B035D /* PermissionsView.swift */ = {isa = PBXFileReference; lastKnownFileType = sourcecode.swift; path = PermissionsView.swift; sourceTree = "<group>"; };
		EE67F2CD95347CD87BF75D11 /* PermissionsService.swift */ = {isa = PBXFileReference; lastKnownFileType = sourcecode.swift; path = PermissionsService.swift; sourceTree = "<group>"; };
		F90713365ACB9D92B925BF52 /* TranscriptionServiceTests.swift */ = {isa = PBXFileReference; lastKnownFileType = sourcecode.swift; path = TranscriptionServiceTests.swift; sourceTree = "<group>"; };
		FB105C042963B038E50C9A4E /* AudioCaptureService.swift */ = {isa = PBXFileReference; lastKnownFileType = sourcecode.swift; path = AudioCaptureService.swift; sourceTree = "<group>"; };
		FBDDE3F8122451F181DFDAB7 /* PasteService.swift */ = {isa = PBXFileReference; lastKnownFileType = sourcecode.swift; path = PasteService.swift; sourceTree = "<group>"; };
/* End PBXFileReference section */

/* Begin PBXFrameworksBuildPhase section */
		1E297A92261EDF0170764754 /* Frameworks */ = {
			isa = PBXFrameworksBuildPhase;
			buildActionMask = 2147483647;
			files = (
				867FC064C418229E7B399011 /* Sparkle in Frameworks */,
			);
			runOnlyForDeploymentPostprocessing = 0;
		};
/* End PBXFrameworksBuildPhase section */

/* Begin PBXGroup section */
		22A5C52392C38262A45E866B /* SuperWhisperTests */ = {
			isa = PBXGroup;
			children = (
				3124CAA89A5698EA0AF6F286 /* AppStateTests.swift */,
				E3C8D875BFBBF6DDF20C1628 /* SettingsServiceTests.swift */,
				F90713365ACB9D92B925BF52 /* TranscriptionServiceTests.swift */,
			);
			path = SuperWhisperTests;
			sourceTree = "<group>";
		};
		22A8E1D1220ACFB7E2351BEB /* Services */ = {
			isa = PBXGroup;
			children = (
				FB105C042963B038E50C9A4E /* AudioCaptureService.swift */,
				B7AB2B73034041AE6E0985B5 /* HotkeyService.swift */,
				FBDDE3F8122451F181DFDAB7 /* PasteService.swift */,
				EE67F2CD95347CD87BF75D11 /* PermissionsService.swift */,
				54EF798381983CC437AAAB7D /* SettingsService.swift */,
				B4A32862973C34D393CE099E /* TranscriptionHistoryService.swift */,
				0A64F1C3D27D74911663C9D3 /* TranscriptionService.swift */,
				8C7CAFC9B80F6B4FA0872C9E /* UpdateService.swift */,
			);
			path = Services;
			sourceTree = "<group>";
		};
		3004AD4FCB6418AE446C77EA /* Domain */ = {
			isa = PBXGroup;
			children = (
				943986652D75378B798102CE /* AppState.swift */,
				42E6A057A08080E2ACE3FE79 /* Models.swift */,
			);
			path = Domain;
			sourceTree = "<group>";
		};
		40F414AB32342697B22B8B2B /* Products */ = {
			isa = PBXGroup;
			children = (
				CC39D54A34DED31FEBBEDE38 /* SuperWhisper.app */,
				B443FFC400B0A02471DEDC1F /* SuperWhisperTests.xctest */,
			);
			name = Products;
			sourceTree = "<group>";
		};
		4F52480D09321CDB6A84FD34 /* Components */ = {
			isa = PBXGroup;
			children = (
				76F662B9DDE22AA233689682 /* DropdownField.swift */,
				3E5CE84CBBF34309F3116CE1 /* GlassCard.swift */,
				A2DEB7AB12FDE09C8C29A6D0 /* PrimaryButton.swift */,
				34233DDCBA840CD385464BE6 /* SecureInputField.swift */,
				DDF776E3F07E079D3037926D /* ShortcutRecorderView.swift */,
				5E5CB35FCB4EDA4C65ED60BD /* ToggleRow.swift */,
				4ECBEE61BD345623663AE9A8 /* WaveformView.swift */,
			);
			path = Components;
			sourceTree = "<group>";
		};
		5837A34A16D4994B2A2CA9DE /* Permissions */ = {
			isa = PBXGroup;
			children = (
				EBC4EC8A161F18359D2B035D /* PermissionsView.swift */,
			);
			path = Permissions;
			sourceTree = "<group>";
		};
		5A52B3AA5D2AD5A056D3D8C0 /* Tests */ = {
			isa = PBXGroup;
			children = (
			);
			path = Tests;
			sourceTree = "<group>";
		};
		75D97FF9944D78345D5786F5 /* MainWindow */ = {
			isa = PBXGroup;
			children = (
				047DA9E2B598E31ADEC6EC58 /* MainWindowView.swift */,
			);
			path = MainWindow;
			sourceTree = "<group>";
		};
		79183108A3FD64C081C08CEC /* App */ = {
			isa = PBXGroup;
			children = (
				3AA2074FA87F4AA86E6FBC26 /* AppDelegate.swift */,
				0F99DBB022F9949C21606F26 /* SuperWhisperApp.swift */,
			);
			path = App;
			sourceTree = "<group>";
		};
		95AF106618DF99B6ED9BA46B /* Settings */ = {
			isa = PBXGroup;
			children = (
				6B3EAB34F072CF64DAE8938F /* AboutView.swift */,
				AD929264D6FE66B737ED4328 /* GeneralSettingsView.swift */,
				A25E4B5FC6272328F8090876 /* HistoryView.swift */,
				ABF742A8E6C09689DC3612D0 /* SettingsWindow.swift */,
				6A4035DFF59C935B6E11CE07 /* ShortcutSettingsView.swift */,
			);
			path = Settings;
			sourceTree = "<group>";
		};
		9AB12D7B7CD7691FE2AC1710 /* DictationOverlay */ = {
			isa = PBXGroup;
			children = (
				0767268471B082F4AD17E85E /* OverlayContentView.swift */,
				572D1527E54BD5DB524826AD /* OverlayPanel.swift */,
			);
			path = DictationOverlay;
			sourceTree = "<group>";
		};
		9B684560B93DCC84CCD5771C /* SuperWhisper */ = {
			isa = PBXGroup;
			children = (
				79183108A3FD64C081C08CEC /* App */,
				3004AD4FCB6418AE446C77EA /* Domain */,
				F332692C86B5D1D5440B3524 /* Features */,
				C854BA4B2D085C58D0620753 /* Resources */,
				22A8E1D1220ACFB7E2351BEB /* Services */,
				5A52B3AA5D2AD5A056D3D8C0 /* Tests */,
				EDF3AADDA01AB296E78A5141 /* UI */,
			);
			path = SuperWhisper;
			sourceTree = "<group>";
		};
		B8FEE56CC03DA46F6E2B9775 = {
			isa = PBXGroup;
			children = (
				9B684560B93DCC84CCD5771C /* SuperWhisper */,
				22A5C52392C38262A45E866B /* SuperWhisperTests */,
				40F414AB32342697B22B8B2B /* Products */,
			);
			sourceTree = "<group>";
		};
		C854BA4B2D085C58D0620753 /* Resources */ = {
			isa = PBXGroup;
			children = (
				CD84728FDDBB4745E5E3A3E9 /* AppIcon.icns */,
				63BB580F9FB81FC123C8AB04 /* Assets.xcassets */,
			);
			path = Resources;
			sourceTree = "<group>";
		};
		EDF3AADDA01AB296E78A5141 /* UI */ = {
			isa = PBXGroup;
			children = (
				CAC15817F02CEFD26123BA02 /* DesignTokens.swift */,
				4F52480D09321CDB6A84FD34 /* Components */,
			);
			path = UI;
			sourceTree = "<group>";
		};
		F332692C86B5D1D5440B3524 /* Features */ = {
			isa = PBXGroup;
			children = (
				9AB12D7B7CD7691FE2AC1710 /* DictationOverlay */,
				75D97FF9944D78345D5786F5 /* MainWindow */,
				5837A34A16D4994B2A2CA9DE /* Permissions */,
				95AF106618DF99B6ED9BA46B /* Settings */,
			);
			path = Features;
			sourceTree = "<group>";
		};
/* End PBXGroup section */

/* Begin PBXNativeTarget section */
		08A9D519659FCA535671C8B3 /* SuperWhisper */ = {
			isa = PBXNativeTarget;
			buildConfigurationList = 7B0958EE1AC095CE9F2487B3 /* Build configuration list for PBXNativeTarget "SuperWhisper" */;
			buildPhases = (
				833249D9FE58AB3127E52012 /* Sources */,
				BB1D3D892DF564C3A1D45936 /* Resources */,
				1E297A92261EDF0170764754 /* Frameworks */,
			);
			buildRules = (
			);
			dependencies = (
			);
			name = SuperWhisper;
			packageProductDependencies = (
				209251462EDF476EFA1E8A6D /* Sparkle */,
			);
			productName = SuperWhisper;
			productReference = CC39D54A34DED31FEBBEDE38 /* SuperWhisper.app */;
			productType = "com.apple.product-type.application";
		};
		8217DF2C67E593B5BB81DF70 /* SuperWhisperTests */ = {
			isa = PBXNativeTarget;
			buildConfigurationList = 023290BF83303CCFA3BDEAF3 /* Build configuration list for PBXNativeTarget "SuperWhisperTests" */;
			buildPhases = (
				EBBE9C9AAB0A45D62655AC25 /* Sources */,
			);
			buildRules = (
			);
			dependencies = (
				7256A9E513E7E2CA8B9C2769 /* PBXTargetDependency */,
			);
			name = SuperWhisperTests;
			packageProductDependencies = (
			);
			productName = SuperWhisperTests;
			productReference = B443FFC400B0A02471DEDC1F /* SuperWhisperTests.xctest */;
			productType = "com.apple.product-type.bundle.unit-test";
		};
/* End PBXNativeTarget section */

/* Begin PBXProject section */
		16AD093E33B12541EBDA1A8A /* Project object */ = {
			isa = PBXProject;
			attributes = {
				BuildIndependentTargetsInParallel = YES;
				LastUpgradeCheck = 1500;
				TargetAttributes = {
					08A9D519659FCA535671C8B3 = {
						ProvisioningStyle = Manual;
					};
					8217DF2C67E593B5BB81DF70 = {
						ProvisioningStyle = Manual;
					};
				};
			};
			buildConfigurationList = 44061A94EF14330440F5E2E6 /* Build configuration list for PBXProject "SuperWhisper" */;
			compatibilityVersion = "Xcode 14.0";
			developmentRegion = en;
			hasScannedForEncodings = 0;
			knownRegions = (
				Base,
				en,
			);
			mainGroup = B8FEE56CC03DA46F6E2B9775;
			minimizedProjectReferenceProxies = 1;
			packageReferences = (
				3773797490E5AA1FAE397A20 /* XCRemoteSwiftPackageReference "Sparkle" */,
			);
			preferredProjectObjectVersion = 77;
			projectDirPath = "";
			projectRoot = "";
			targets = (
				08A9D519659FCA535671C8B3 /* SuperWhisper */,
				8217DF2C67E593B5BB81DF70 /* SuperWhisperTests */,
			);
		};
/* End PBXProject section */

/* Begin PBXResourcesBuildPhase section */
		BB1D3D892DF564C3A1D45936 /* Resources */ = {
			isa = PBXResourcesBuildPhase;
			buildActionMask = 2147483647;
			files = (
				64E07F77145060632CE07FDD /* AppIcon.icns in Resources */,
				6C38213D25F5736B3A334D27 /* Assets.xcassets in Resources */,
			);
			runOnlyForDeploymentPostprocessing = 0;
		};
/* End PBXResourcesBuildPhase section */

/* Begin PBXSourcesBuildPhase section */
		833249D9FE58AB3127E52012 /* Sources */ = {
			isa = PBXSourcesBuildPhase;
			buildActionMask = 2147483647;
			files = (
				BC4004D661153206F88359C3 /* AboutView.swift in Sources */,
				3545FA857029F4E519881F1D /* AppDelegate.swift in Sources */,
				6FDFC8F8FCFB2064AA388F57 /* AppState.swift in Sources */,
				8AA1ED3B135A2798FD81ED7B /* AudioCaptureService.swift in Sources */,
				DBA1917AD102F5112B45AB4A /* DesignTokens.swift in Sources */,
				9A68C3C28AFFA4BC9E9810A1 /* DropdownField.swift in Sources */,
				DEEAA58C944D936EF6CB63ED /* GeneralSettingsView.swift in Sources */,
				37AA43C7A4ABBFD854E712A3 /* GlassCard.swift in Sources */,
				D8F5767D0C2E8AF66FD6E6D4 /* HistoryView.swift in Sources */,
				99FAECB49F56178B2CAA6A8C /* HotkeyService.swift in Sources */,
				9E885A2AA3573384659F6B2E /* MainWindowView.swift in Sources */,
				CC18ADC07C0642E40E83E632 /* Models.swift in Sources */,
				A9C654B7ED2182AEE49B0FF7 /* OverlayContentView.swift in Sources */,
				C168F905481E347AC3DE6CD8 /* OverlayPanel.swift in Sources */,
				8A4B03C19C1DD8EBEF5F73BC /* PasteService.swift in Sources */,
				742838E55D009DBDAC7A4178 /* PermissionsService.swift in Sources */,
				1B6919AC5FAB250F5BD0AE94 /* PermissionsView.swift in Sources */,
				C8C5C89A93A6DC85F568DB25 /* PrimaryButton.swift in Sources */,
				F5BC0717C0BF2E3529CFF65D /* SecureInputField.swift in Sources */,
				6CA623A46D35D73DA88F7CB3 /* SettingsService.swift in Sources */,
				5F06955A8FEC7F02493439FB /* SettingsWindow.swift in Sources */,
				321991D7EE5D89AB688245D8 /* ShortcutRecorderView.swift in Sources */,
				DC389E7CB48231CB6AA4B156 /* ShortcutSettingsView.swift in Sources */,
				6CB559C170F9134CCE900F44 /* SuperWhisperApp.swift in Sources */,
				49C3D8AE98AC2B339F47A94F /* ToggleRow.swift in Sources */,
				7E5CB38DEE6B215DE4FD81FA /* TranscriptionHistoryService.swift in Sources */,
				CA7F9BF141CC39B81AE661EC /* TranscriptionService.swift in Sources */,
				1FD4D4747270CDFC5CF7021F /* UpdateService.swift in Sources */,
				018A9BFADEB4D922FD5D1BA1 /* WaveformView.swift in Sources */,
			);
			runOnlyForDeploymentPostprocessing = 0;
		};
		EBBE9C9AAB0A45D62655AC25 /* Sources */ = {
			isa = PBXSourcesBuildPhase;
			buildActionMask = 2147483647;
			files = (
				63E0C643ED5F3A4E223A7E1E /* AppStateTests.swift in Sources */,
				5EE936085B96BB83E42A2112 /* SettingsServiceTests.swift in Sources */,
				8C30495E7DF8151F397C8602 /* TranscriptionServiceTests.swift in Sources */,
			);
			runOnlyForDeploymentPostprocessing = 0;
		};
/* End PBXSourcesBuildPhase section */

/* Begin PBXTargetDependency section */
		7256A9E513E7E2CA8B9C2769 /* PBXTargetDependency */ = {
			isa = PBXTargetDependency;
			target = 08A9D519659FCA535671C8B3 /* SuperWhisper */;
			targetProxy = 72E15C20B3D9366615A2732C /* PBXContainerItemProxy */;
		};
/* End PBXTargetDependency section */

/* Begin XCBuildConfiguration section */
		35683011DB6918C65330F00C /* Debug */ = {
			isa = XCBuildConfiguration;
			buildSettings = {
				ALWAYS_SEARCH_USER_PATHS = NO;
				CLANG_ANALYZER_NONNULL = YES;
				CLANG_ANALYZER_NUMBER_OBJECT_CONVERSION = YES_AGGRESSIVE;
				CLANG_CXX_LANGUAGE_STANDARD = "gnu++14";
				CLANG_CXX_LIBRARY = "libc++";
				CLANG_ENABLE_MODULES = YES;
				CLANG_ENABLE_OBJC_ARC = YES;
				CLANG_ENABLE_OBJC_WEAK = YES;
				CLANG_WARN_BLOCK_CAPTURE_AUTORELEASING = YES;
				CLANG_WARN_BOOL_CONVERSION = YES;
				CLANG_WARN_COMMA = YES;
				CLANG_WARN_CONSTANT_CONVERSION = YES;
				CLANG_WARN_DEPRECATED_OBJC_IMPLEMENTATIONS = YES;
				CLANG_WARN_DIRECT_OBJC_ISA_USAGE = YES_ERROR;
				CLANG_WARN_DOCUMENTATION_COMMENTS = YES;
				CLANG_WARN_EMPTY_BODY = YES;
				CLANG_WARN_ENUM_CONVERSION = YES;
				CLANG_WARN_INFINITE_RECURSION = YES;
				CLANG_WARN_INT_CONVERSION = YES;
				CLANG_WARN_NON_LITERAL_NULL_CONVERSION = YES;
				CLANG_WARN_OBJC_IMPLICIT_RETAIN_SELF = YES;
				CLANG_WARN_OBJC_LITERAL_CONVERSION = YES;
				CLANG_WARN_OBJC_ROOT_CLASS = YES_ERROR;
				CLANG_WARN_QUOTED_INCLUDE_IN_FRAMEWORK_HEADER = YES;
				CLANG_WARN_RANGE_LOOP_ANALYSIS = YES;
				CLANG_WARN_STRICT_PROTOTYPES = YES;
				CLANG_WARN_SUSPICIOUS_MOVE = YES;
				CLANG_WARN_UNGUARDED_AVAILABILITY = YES_AGGRESSIVE;
				CLANG_WARN_UNREACHABLE_CODE = YES;
				CLANG_WARN__DUPLICATE_METHOD_MATCH = YES;
				CODE_SIGN_ENTITLEMENTS = SuperWhisper/SuperWhisper.entitlements;
				CODE_SIGN_IDENTITY = "SuperWhisper Developer";
				CODE_SIGN_STYLE = Manual;
				COPY_PHASE_STRIP = NO;
				CURRENT_PROJECT_VERSION = 202602172346;
				DEBUG_INFORMATION_FORMAT = dwarf;
				ENABLE_HARDENED_RUNTIME = NO;
				ENABLE_STRICT_OBJC_MSGSEND = YES;
				ENABLE_TESTABILITY = YES;
				GCC_C_LANGUAGE_STANDARD = gnu11;
				GCC_DYNAMIC_NO_PIC = NO;
				GCC_NO_COMMON_BLOCKS = YES;
				GCC_OPTIMIZATION_LEVEL = 0;
				GCC_PREPROCESSOR_DEFINITIONS = (
					"$(inherited)",
					"DEBUG=1",
				);
				GCC_WARN_64_TO_32_BIT_CONVERSION = YES;
				GCC_WARN_ABOUT_RETURN_TYPE = YES_ERROR;
				GCC_WARN_UNDECLARED_SELECTOR = YES;
				GCC_WARN_UNINITIALIZED_AUTOS = YES_AGGRESSIVE;
				GCC_WARN_UNUSED_FUNCTION = YES;
				GCC_WARN_UNUSED_VARIABLE = YES;
				INFOPLIST_FILE = SuperWhisper/Info.plist;
				MACOSX_DEPLOYMENT_TARGET = 14.0;
				MARKETING_VERSION = 1.0.1;
				MTL_ENABLE_DEBUG_INFO = INCLUDE_SOURCE;
				MTL_FAST_MATH = YES;
				ONLY_ACTIVE_ARCH = YES;
				PRODUCT_BUNDLE_IDENTIFIER = com.superwhisper.app;
				PRODUCT_NAME = "$(TARGET_NAME)";
				SDKROOT = macosx;
				SWIFT_ACTIVE_COMPILATION_CONDITIONS = DEBUG;
				SWIFT_OPTIMIZATION_LEVEL = "-Onone";
				SWIFT_VERSION = 5.9;
			};
			name = Debug;
		};
		76771C93DE76E687E2AE05B4 /* Release */ = {
			isa = XCBuildConfiguration;
			buildSettings = {
				BUNDLE_LOADER = "$(TEST_HOST)";
				COMBINE_HIDPI_IMAGES = YES;
				LD_RUNPATH_SEARCH_PATHS = (
					"$(inherited)",
					"@executable_path/../Frameworks",
					"@loader_path/../Frameworks",
				);
				SDKROOT = macosx;
				TEST_HOST = "$(BUILT_PRODUCTS_DIR)/SuperWhisper.app/Contents/MacOS/SuperWhisper";
			};
			name = Release;
		};
		8E6132123EC8B1F28876934D /* Debug */ = {
			isa = XCBuildConfiguration;
			buildSettings = {
				BUNDLE_LOADER = "$(TEST_HOST)";
				COMBINE_HIDPI_IMAGES = YES;
				LD_RUNPATH_SEARCH_PATHS = (
					"$(inherited)",
					"@executable_path/../Frameworks",
					"@loader_path/../Frameworks",
				);
				SDKROOT = macosx;
				TEST_HOST = "$(BUILT_PRODUCTS_DIR)/SuperWhisper.app/Contents/MacOS/SuperWhisper";
			};
			name = Debug;
		};
		D8D4589AF6A56A6CCF3DA4DF /* Debug */ = {
			isa = XCBuildConfiguration;
			buildSettings = {
				ASSETCATALOG_COMPILER_APPICON_NAME = AppIcon;
				CODE_SIGN_ENTITLEMENTS = SuperWhisper/SuperWhisper.entitlements;
				COMBINE_HIDPI_IMAGES = YES;
				ENABLE_HARDENED_RUNTIME = NO;
				INFOPLIST_FILE = SuperWhisper/Info.plist;
				LD_RUNPATH_SEARCH_PATHS = "$(inherited) @executable_path/../Frameworks";
				SDKROOT = macosx;
			};
			name = Debug;
		};
		DA2D15CA5D467C79C90307A0 /* Release */ = {
			isa = XCBuildConfiguration;
			buildSettings = {
				ASSETCATALOG_COMPILER_APPICON_NAME = AppIcon;
				CODE_SIGN_ENTITLEMENTS = SuperWhisper/SuperWhisper.entitlements;
				COMBINE_HIDPI_IMAGES = YES;
				ENABLE_HARDENED_RUNTIME = NO;
				INFOPLIST_FILE = SuperWhisper/Info.plist;
				LD_RUNPATH_SEARCH_PATHS = "$(inherited) @executable_path/../Frameworks";
				SDKROOT = macosx;
			};
			name = Release;
		};
		F8231E0B19D3C1327A79718F /* Release */ = {
			isa = XCBuildConfiguration;
			buildSettings = {
				ALWAYS_SEARCH_USER_PATHS = NO;
				CLANG_ANALYZER_NONNULL = YES;
				CLANG_ANALYZER_NUMBER_OBJECT_CONVERSION = YES_AGGRESSIVE;
				CLANG_CXX_LANGUAGE_STANDARD = "gnu++14";
				CLANG_CXX_LIBRARY = "libc++";
				CLANG_ENABLE_MODULES = YES;
				CLANG_ENABLE_OBJC_ARC = YES;
				CLANG_ENABLE_OBJC_WEAK = YES;
				CLANG_WARN_BLOCK_CAPTURE_AUTORELEASING = YES;
				CLANG_WARN_BOOL_CONVERSION = YES;
				CLANG_WARN_COMMA = YES;
				CLANG_WARN_CONSTANT_CONVERSION = YES;
				CLANG_WARN_DEPRECATED_OBJC_IMPLEMENTATIONS = YES;
				CLANG_WARN_DIRECT_OBJC_ISA_USAGE = YES_ERROR;
				CLANG_WARN_DOCUMENTATION_COMMENTS = YES;
				CLANG_WARN_EMPTY_BODY = YES;
				CLANG_WARN_ENUM_CONVERSION = YES;
				CLANG_WARN_INFINITE_RECURSION = YES;
				CLANG_WARN_INT_CONVERSION = YES;
				CLANG_WARN_NON_LITERAL_NULL_CONVERSION = YES;
				CLANG_WARN_OBJC_IMPLICIT_RETAIN_SELF = YES;
				CLANG_WARN_OBJC_LITERAL_CONVERSION = YES;
				CLANG_WARN_OBJC_ROOT_CLASS = YES_ERROR;
				CLANG_WARN_QUOTED_INCLUDE_IN_FRAMEWORK_HEADER = YES;
				CLANG_WARN_RANGE_LOOP_ANALYSIS = YES;
				CLANG_WARN_STRICT_PROTOTYPES = YES;
				CLANG_WARN_SUSPICIOUS_MOVE = YES;
				CLANG_WARN_UNGUARDED_AVAILABILITY = YES_AGGRESSIVE;
				CLANG_WARN_UNREACHABLE_CODE = YES;
				CLANG_WARN__DUPLICATE_METHOD_MATCH = YES;
				CODE_SIGN_ENTITLEMENTS = SuperWhisper/SuperWhisper.entitlements;
				CODE_SIGN_IDENTITY = "SuperWhisper Developer";
				CODE_SIGN_STYLE = Manual;
				COPY_PHASE_STRIP = NO;
				CURRENT_PROJECT_VERSION = 202602172346;
				DEBUG_INFORMATION_FORMAT = "dwarf-with-dsym";
				ENABLE_HARDENED_RUNTIME = NO;
				ENABLE_NS_ASSERTIONS = NO;
				ENABLE_STRICT_OBJC_MSGSEND = YES;
				GCC_C_LANGUAGE_STANDARD = gnu11;
				GCC_NO_COMMON_BLOCKS = YES;
				GCC_WARN_64_TO_32_BIT_CONVERSION = YES;
				GCC_WARN_ABOUT_RETURN_TYPE = YES_ERROR;
				GCC_WARN_UNDECLARED_SELECTOR = YES;
				GCC_WARN_UNINITIALIZED_AUTOS = YES_AGGRESSIVE;
				GCC_WARN_UNUSED_FUNCTION = YES;
				GCC_WARN_UNUSED_VARIABLE = YES;
				INFOPLIST_FILE = SuperWhisper/Info.plist;
				MACOSX_DEPLOYMENT_TARGET = 14.0;
				MARKETING_VERSION = 1.0.1;
				MTL_ENABLE_DEBUG_INFO = NO;
				MTL_FAST_MATH = YES;
				PRODUCT_BUNDLE_IDENTIFIER = com.superwhisper.app;
				PRODUCT_NAME = "$(TARGET_NAME)";
				SDKROOT = macosx;
				SWIFT_COMPILATION_MODE = wholemodule;
				SWIFT_OPTIMIZATION_LEVEL = "-O";
				SWIFT_VERSION = 5.9;
			};
			name = Release;
		};
/* End XCBuildConfiguration section */

/* Begin XCConfigurationList section */
		023290BF83303CCFA3BDEAF3 /* Build configuration list for PBXNativeTarget "SuperWhisperTests" */ = {
			isa = XCConfigurationList;
			buildConfigurations = (
				8E6132123EC8B1F28876934D /* Debug */,
				76771C93DE76E687E2AE05B4 /* Release */,
			);
			defaultConfigurationIsVisible = 0;
			defaultConfigurationName = Debug;
		};
		44061A94EF14330440F5E2E6 /* Build configuration list for PBXProject "SuperWhisper" */ = {
			isa = XCConfigurationList;
			buildConfigurations = (
				35683011DB6918C65330F00C /* Debug */,
				F8231E0B19D3C1327A79718F /* Release */,
			);
			defaultConfigurationIsVisible = 0;
			defaultConfigurationName = Debug;
		};
		7B0958EE1AC095CE9F2487B3 /* Build configuration list for PBXNativeTarget "SuperWhisper" */ = {
			isa = XCConfigurationList;
			buildConfigurations = (
				D8D4589AF6A56A6CCF3DA4DF /* Debug */,
				DA2D15CA5D467C79C90307A0 /* Release */,
			);
			defaultConfigurationIsVisible = 0;
			defaultConfigurationName = Debug;
		};
/* End XCConfigurationList section */

/* Begin XCRemoteSwiftPackageReference section */
		3773797490E5AA1FAE397A20 /* XCRemoteSwiftPackageReference "Sparkle" */ = {
			isa = XCRemoteSwiftPackageReference;
			repositoryURL = "https://github.com/sparkle-project/Sparkle";
			requirement = {
				kind = upToNextMajorVersion;
				minimumVersion = 2.0.0;
			};
		};
/* End XCRemoteSwiftPackageReference section */

/* Begin XCSwiftPackageProductDependency section */
		209251462EDF476EFA1E8A6D /* Sparkle */ = {
			isa = XCSwiftPackageProductDependency;
			package = 3773797490E5AA1FAE397A20 /* XCRemoteSwiftPackageReference "Sparkle" */;
			productName = Sparkle;
		};
/* End XCSwiftPackageProductDependency section */
	};
	rootObject = 16AD093E33B12541EBDA1A8A /* Project object */;
}
